
Microsoft Visual Studio Solution File, Format Version 12.00
# Visual Studio Version 17
VisualStudioVersion = 17.14.36623.8 d17.14
MinimumVisualStudioVersion = 10.0.40219.1
Project("{FAE04EC0-301F-11D3-BF4B-00C04F79EFBC}") = "BookshopApp.Tests", "BookshopApp.Tests.csproj", "{CC752990-E92A-A956-AABF-BF56A22A6DBD}"
EndProject
Global
	GlobalSection(SolutionConfigurationPlatforms) = preSolution
		Debug|Any CPU = Debug|Any CPU
		Release|Any CPU = Release|Any CPU
	EndGlobalSection
	GlobalSection(ProjectConfigurationPlatforms) = postSolution
		{CC752990-E92A-A956-AABF-BF56A22A6DBD}.Debug|Any CPU.ActiveCfg = Debug|Any CPU
		{CC752990-E92A-A956-AABF-BF56A22A6DBD}.Debug|Any CPU.Build.0 = Debug|Any CPU
		{CC752990-E92A-A956-AABF-BF56A22A6DBD}.Release|Any CPU.ActiveCfg = Release|Any CPU
		{CC752990-E92A-A956-AABF-BF56A22A6DBD}.Release|Any CPU.Build.0 = Release|Any CPU
	EndGlobalSection
	GlobalSection(SolutionProperties) = preSolution
		HideSolutionNode = FALSE
	EndGlobalSection
	GlobalSection(ExtensibilityGlobals) = postSolution
		SolutionGuid = {A95D8DD4-6355-4141-86B3-C35F54480378}
	EndGlobalSection
EndGlobal
